
Microsoft Visual Studio Solution File, Format Version 12.00
Project("{FAE04EC0-301F-11D3-BF4B-00C04F79EFBC}") = "MyDocs.Hosts.Backend", "MyDocs.Hosts.Backend\MyDocs.Hosts.Backend.csproj", "{F05EACE0-9D90-4E14-BB76-8BC64CA69834}"
EndProject
Global
	GlobalSection(SolutionConfigurationPlatforms) = preSolution
		Debug|Any CPU = Debug|Any CPU
		Release|Any CPU = Release|Any CPU
	EndGlobalSection
	GlobalSection(ProjectConfigurationPlatforms) = postSolution
		{F05EACE0-9D90-4E14-BB76-8BC64CA69834}.Debug|Any CPU.ActiveCfg = Debug|Any CPU
		{F05EACE0-9D90-4E14-BB76-8BC64CA69834}.Debug|Any CPU.Build.0 = Debug|Any CPU
		{F05EACE0-9D90-4E14-BB76-8BC64CA69834}.Release|Any CPU.ActiveCfg = Release|Any CPU
		{F05EACE0-9D90-4E14-BB76-8BC64CA69834}.Release|Any CPU.Build.0 = Release|Any CPU
	EndGlobalSection
EndGlobal
