
Microsoft Visual Studio Solution File, Format Version 12.00
# Visual Studio Version 16
VisualStudioVersion = 16.0.31005.135
MinimumVisualStudioVersion = 10.0.40219.1
Project("{9A19103F-16F7-4668-BE54-9A1E7A4F7556}") = "MyDocs.Hosts.Backend", "MyDocs.Hosts.Backend\MyDocs.Hosts.Backend.csproj", "{F05EACE0-9D90-4E14-BB76-8BC64CA69834}"
EndProject
Project("{9A19103F-16F7-4668-BE54-9A1E7A4F7556}") = "MyDocs.Infrastructure.Db.Migrations", "MyDocs.Infrasturcture.Db.Migrations\MyDocs.Infrastructure.Db.Migrations.csproj", "{4CF4D84A-AB88-41E6-ABC9-A5BC91F1CD16}"
EndProject
Project("{2150E333-8FDC-42A3-9474-1A3956D46DE8}") = "src", "src", "{40952806-4CF1-4CBB-86EC-EEB4F4DCDBF3}"
EndProject
Project("{E53339B2-1760-4266-BCC7-CA923CBCF16C}") = "docker-compose", "docker-compose.dcproj", "{81E547D6-24E5-4C53-BC66-92D887FEAFE8}"
EndProject
Project("{2150E333-8FDC-42A3-9474-1A3956D46DE8}") = "tests", "tests", "{A2F36405-C002-49F3-AD72-EA4B2BE480A6}"
EndProject
Project("{9A19103F-16F7-4668-BE54-9A1E7A4F7556}") = "MyDocs.Application", "MyDocs.Application\MyDocs.Application.csproj", "{76E4EA4A-DCFB-4B43-8320-8E6FEF4CE31D}"
EndProject
Project("{9A19103F-16F7-4668-BE54-9A1E7A4F7556}") = "MyDocs.Domain", "MyDocs.Domain\MyDocs.Domain.csproj", "{6759F0AD-2C7D-49CB-8B35-5AB02B5BD8C3}"
EndProject
Project("{9A19103F-16F7-4668-BE54-9A1E7A4F7556}") = "MyDocs.Infrastructure", "MyDocs.Infrastructure\MyDocs.Infrastructure.csproj", "{E962447F-D819-4CA1-B62F-D3BF6C7F4CB7}"
EndProject
Project("{9A19103F-16F7-4668-BE54-9A1E7A4F7556}") = "MyDocs.Application.Tests", "MyDocs.Application.Tests\MyDocs.Application.Tests.csproj", "{537F7394-A2D6-4F7F-B22C-83770612FB70}"
EndProject
Project("{9A19103F-16F7-4668-BE54-9A1E7A4F7556}") = "MyDocs.Domain.Tests", "MyDocs.Domain.Tests\MyDocs.Domain.Tests.csproj", "{43B1F78F-1951-4733-BE08-2FBEBDEAB661}"
EndProject
Project("{9A19103F-16F7-4668-BE54-9A1E7A4F7556}") = "MyDocs.Application.IntegrationTests", "MyDocs.Application.IntegrationTests\MyDocs.Application.IntegrationTests.csproj", "{F1D145FD-1D45-4F4F-9A4C-ED470726057D}"
EndProject
Project("{9A19103F-16F7-4668-BE54-9A1E7A4F7556}") = "MyDocs.Infrastructure.Tests", "MyDocs.Infrastructure.Tests\MyDocs.Infrastructure.Tests.csproj", "{C1C48F7B-B7FC-4496-9037-E386073C0C8E}"
EndProject
Project("{FAE04EC0-301F-11D3-BF4B-00C04F79EFBC}") = "MyDocs.Host.Backend.Tests", "MyDocs.Host.Backend.Tests\MyDocs.Host.Backend.Tests.csproj", "{C6D709DB-0D98-4960-8AB5-4382B515D81F}"
EndProject
Global
	GlobalSection(SolutionConfigurationPlatforms) = preSolution
		Debug|Any CPU = Debug|Any CPU
		Release|Any CPU = Release|Any CPU
	EndGlobalSection
	GlobalSection(ProjectConfigurationPlatforms) = postSolution
		{F05EACE0-9D90-4E14-BB76-8BC64CA69834}.Debug|Any CPU.ActiveCfg = Debug|Any CPU
		{F05EACE0-9D90-4E14-BB76-8BC64CA69834}.Debug|Any CPU.Build.0 = Debug|Any CPU
		{F05EACE0-9D90-4E14-BB76-8BC64CA69834}.Release|Any CPU.ActiveCfg = Release|Any CPU
		{F05EACE0-9D90-4E14-BB76-8BC64CA69834}.Release|Any CPU.Build.0 = Release|Any CPU
		{4CF4D84A-AB88-41E6-ABC9-A5BC91F1CD16}.Debug|Any CPU.ActiveCfg = Debug|Any CPU
		{4CF4D84A-AB88-41E6-ABC9-A5BC91F1CD16}.Debug|Any CPU.Build.0 = Debug|Any CPU
		{4CF4D84A-AB88-41E6-ABC9-A5BC91F1CD16}.Release|Any CPU.ActiveCfg = Release|Any CPU
		{4CF4D84A-AB88-41E6-ABC9-A5BC91F1CD16}.Release|Any CPU.Build.0 = Release|Any CPU
		{81E547D6-24E5-4C53-BC66-92D887FEAFE8}.Debug|Any CPU.ActiveCfg = Debug|Any CPU
		{81E547D6-24E5-4C53-BC66-92D887FEAFE8}.Debug|Any CPU.Build.0 = Debug|Any CPU
		{81E547D6-24E5-4C53-BC66-92D887FEAFE8}.Release|Any CPU.ActiveCfg = Release|Any CPU
		{81E547D6-24E5-4C53-BC66-92D887FEAFE8}.Release|Any CPU.Build.0 = Release|Any CPU
		{76E4EA4A-DCFB-4B43-8320-8E6FEF4CE31D}.Debug|Any CPU.ActiveCfg = Debug|Any CPU
		{76E4EA4A-DCFB-4B43-8320-8E6FEF4CE31D}.Debug|Any CPU.Build.0 = Debug|Any CPU
		{76E4EA4A-DCFB-4B43-8320-8E6FEF4CE31D}.Release|Any CPU.ActiveCfg = Release|Any CPU
		{76E4EA4A-DCFB-4B43-8320-8E6FEF4CE31D}.Release|Any CPU.Build.0 = Release|Any CPU
		{6759F0AD-2C7D-49CB-8B35-5AB02B5BD8C3}.Debug|Any CPU.ActiveCfg = Debug|Any CPU
		{6759F0AD-2C7D-49CB-8B35-5AB02B5BD8C3}.Debug|Any CPU.Build.0 = Debug|Any CPU
		{6759F0AD-2C7D-49CB-8B35-5AB02B5BD8C3}.Release|Any CPU.ActiveCfg = Release|Any CPU
		{6759F0AD-2C7D-49CB-8B35-5AB02B5BD8C3}.Release|Any CPU.Build.0 = Release|Any CPU
		{E962447F-D819-4CA1-B62F-D3BF6C7F4CB7}.Debug|Any CPU.ActiveCfg = Debug|Any CPU
		{E962447F-D819-4CA1-B62F-D3BF6C7F4CB7}.Debug|Any CPU.Build.0 = Debug|Any CPU
		{E962447F-D819-4CA1-B62F-D3BF6C7F4CB7}.Release|Any CPU.ActiveCfg = Release|Any CPU
		{E962447F-D819-4CA1-B62F-D3BF6C7F4CB7}.Release|Any CPU.Build.0 = Release|Any CPU
		{537F7394-A2D6-4F7F-B22C-83770612FB70}.Debug|Any CPU.ActiveCfg = Debug|Any CPU
		{537F7394-A2D6-4F7F-B22C-83770612FB70}.Debug|Any CPU.Build.0 = Debug|Any CPU
		{537F7394-A2D6-4F7F-B22C-83770612FB70}.Release|Any CPU.ActiveCfg = Release|Any CPU
		{537F7394-A2D6-4F7F-B22C-83770612FB70}.Release|Any CPU.Build.0 = Release|Any CPU
		{43B1F78F-1951-4733-BE08-2FBEBDEAB661}.Debug|Any CPU.ActiveCfg = Debug|Any CPU
		{43B1F78F-1951-4733-BE08-2FBEBDEAB661}.Debug|Any CPU.Build.0 = Debug|Any CPU
		{43B1F78F-1951-4733-BE08-2FBEBDEAB661}.Release|Any CPU.ActiveCfg = Release|Any CPU
		{43B1F78F-1951-4733-BE08-2FBEBDEAB661}.Release|Any CPU.Build.0 = Release|Any CPU
		{F1D145FD-1D45-4F4F-9A4C-ED470726057D}.Debug|Any CPU.ActiveCfg = Debug|Any CPU
		{F1D145FD-1D45-4F4F-9A4C-ED470726057D}.Debug|Any CPU.Build.0 = Debug|Any CPU
		{F1D145FD-1D45-4F4F-9A4C-ED470726057D}.Release|Any CPU.ActiveCfg = Release|Any CPU
		{F1D145FD-1D45-4F4F-9A4C-ED470726057D}.Release|Any CPU.Build.0 = Release|Any CPU
		{C1C48F7B-B7FC-4496-9037-E386073C0C8E}.Debug|Any CPU.ActiveCfg = Debug|Any CPU
		{C1C48F7B-B7FC-4496-9037-E386073C0C8E}.Debug|Any CPU.Build.0 = Debug|Any CPU
		{C1C48F7B-B7FC-4496-9037-E386073C0C8E}.Release|Any CPU.ActiveCfg = Release|Any CPU
		{C1C48F7B-B7FC-4496-9037-E386073C0C8E}.Release|Any CPU.Build.0 = Release|Any CPU
		{C6D709DB-0D98-4960-8AB5-4382B515D81F}.Debug|Any CPU.ActiveCfg = Debug|Any CPU
		{C6D709DB-0D98-4960-8AB5-4382B515D81F}.Debug|Any CPU.Build.0 = Debug|Any CPU
		{C6D709DB-0D98-4960-8AB5-4382B515D81F}.Release|Any CPU.ActiveCfg = Release|Any CPU
		{C6D709DB-0D98-4960-8AB5-4382B515D81F}.Release|Any CPU.Build.0 = Release|Any CPU
	EndGlobalSection
	GlobalSection(SolutionProperties) = preSolution
		HideSolutionNode = FALSE
	EndGlobalSection
	GlobalSection(NestedProjects) = preSolution
		{F05EACE0-9D90-4E14-BB76-8BC64CA69834} = {40952806-4CF1-4CBB-86EC-EEB4F4DCDBF3}
		{4CF4D84A-AB88-41E6-ABC9-A5BC91F1CD16} = {40952806-4CF1-4CBB-86EC-EEB4F4DCDBF3}
		{81E547D6-24E5-4C53-BC66-92D887FEAFE8} = {40952806-4CF1-4CBB-86EC-EEB4F4DCDBF3}
		{76E4EA4A-DCFB-4B43-8320-8E6FEF4CE31D} = {40952806-4CF1-4CBB-86EC-EEB4F4DCDBF3}
		{6759F0AD-2C7D-49CB-8B35-5AB02B5BD8C3} = {40952806-4CF1-4CBB-86EC-EEB4F4DCDBF3}
		{E962447F-D819-4CA1-B62F-D3BF6C7F4CB7} = {40952806-4CF1-4CBB-86EC-EEB4F4DCDBF3}
		{537F7394-A2D6-4F7F-B22C-83770612FB70} = {A2F36405-C002-49F3-AD72-EA4B2BE480A6}
		{43B1F78F-1951-4733-BE08-2FBEBDEAB661} = {A2F36405-C002-49F3-AD72-EA4B2BE480A6}
		{F1D145FD-1D45-4F4F-9A4C-ED470726057D} = {A2F36405-C002-49F3-AD72-EA4B2BE480A6}
		{C1C48F7B-B7FC-4496-9037-E386073C0C8E} = {A2F36405-C002-49F3-AD72-EA4B2BE480A6}
		{C6D709DB-0D98-4960-8AB5-4382B515D81F} = {A2F36405-C002-49F3-AD72-EA4B2BE480A6}
	EndGlobalSection
	GlobalSection(ExtensibilityGlobals) = postSolution
		SolutionGuid = {3D2966BC-88CB-4B30-BCD2-809D5C2E3ACE}
	EndGlobalSection
EndGlobal
